
Microsoft Visual Studio Solution File, Format Version 12.00
# Visual Studio 15
VisualStudioVersion = 15.0.28306.52
MinimumVisualStudioVersion = 10.0.40219.1
Project("{FAE04EC0-301F-11D3-BF4B-00C04F79EFBC}") = "ManiaECS-Generator", "ManiaECS-Generator\ManiaECS-Generator.csproj", "{3BDD0250-F158-46A0-A364-15434855ECC5}"
EndProject
Global
	GlobalSection(SolutionConfigurationPlatforms) = preSolution
		Debug|Any CPU = Debug|Any CPU
		Release|Any CPU = Release|Any CPU
	EndGlobalSection
	GlobalSection(ProjectConfigurationPlatforms) = postSolution
		{3BDD0250-F158-46A0-A364-15434855ECC5}.Debug|Any CPU.ActiveCfg = Debug|Any CPU
		{3BDD0250-F158-46A0-A364-15434855ECC5}.Debug|Any CPU.Build.0 = Debug|Any CPU
		{3BDD0250-F158-46A0-A364-15434855ECC5}.Release|Any CPU.ActiveCfg = Release|Any CPU
		{3BDD0250-F158-46A0-A364-15434855ECC5}.Release|Any CPU.Build.0 = Release|Any CPU
	EndGlobalSection
	GlobalSection(SolutionProperties) = preSolution
		HideSolutionNode = FALSE
	EndGlobalSection
	GlobalSection(ExtensibilityGlobals) = postSolution
		SolutionGuid = {8923A8B1-6236-4BCE-AD7E-3A87F5004BCF}
	EndGlobalSection
EndGlobal
